// !$*UTF8*$!
{
	archiveVersion = 1;
	classes = {
	};
	objectVersion = 50;
	objects = {

/* Begin PBXBuildFile section */
		C8AAF7DA2505EFA4003C7212 /* AppDelegate.swift in Sources */ = {isa = PBXBuildFile; fileRef = C8AAF7D92505EFA4003C7212 /* AppDelegate.swift */; };
		C8AAF7DC2505EFA4003C7212 /* SceneDelegate.swift in Sources */ = {isa = PBXBuildFile; fileRef = C8AAF7DB2505EFA4003C7212 /* SceneDelegate.swift */; };
		C8AAF7DE2505EFA4003C7212 /* ViewController.swift in Sources */ = {isa = PBXBuildFile; fileRef = C8AAF7DD2505EFA4003C7212 /* ViewController.swift */; };
		C8AAF7E12505EFA4003C7212 /* Main.storyboard in Resources */ = {isa = PBXBuildFile; fileRef = C8AAF7DF2505EFA4003C7212 /* Main.storyboard */; };
		C8AAF7E32505EFA9003C7212 /* Assets.xcassets in Resources */ = {isa = PBXBuildFile; fileRef = C8AAF7E22505EFA9003C7212 /* Assets.xcassets */; };
		C8AAF7E62505EFA9003C7212 /* LaunchScreen.storyboard in Resources */ = {isa = PBXBuildFile; fileRef = C8AAF7E42505EFA9003C7212 /* LaunchScreen.storyboard */; };
		C8AAF7F12505EFAA003C7212 /* I_am_RichTests.swift in Sources */ = {isa = PBXBuildFile; fileRef = C8AAF7F02505EFAA003C7212 /* I_am_RichTests.swift */; };
		C8AAF7FC2505EFAA003C7212 /* I_am_RichUITests.swift in Sources */ = {isa = PBXBuildFile; fileRef = C8AAF7FB2505EFAA003C7212 /* I_am_RichUITests.swift */; };
/* End PBXBuildFile section */

/* Begin PBXContainerItemProxy section */
		C8AAF7ED2505EFAA003C7212 /* PBXContainerItemProxy */ = {
			isa = PBXContainerItemProxy;
			containerPortal = C8AAF7CE2505EFA4003C7212 /* Project object */;
			proxyType = 1;
			remoteGlobalIDString = C8AAF7D52505EFA4003C7212;
			remoteInfo = "I am Rich";
		};
		C8AAF7F82505EFAA003C7212 /* PBXContainerItemProxy */ = {
			isa = PBXContainerItemProxy;
			containerPortal = C8AAF7CE2505EFA4003C7212 /* Project object */;
			proxyType = 1;
			remoteGlobalIDString = C8AAF7D52505EFA4003C7212;
			remoteInfo = "I am Rich";
		};
/* End PBXContainerItemProxy section */

/* Begin PBXFileReference section */
		C8AAF7D62505EFA4003C7212 /* I am Rich.app */ = {isa = PBXFileReference; explicitFileType = wrapper.application; includeInIndex = 0; path = "I am Rich.app"; sourceTree = BUILT_PRODUCTS_DIR; };
		C8AAF7D92505EFA4003C7212 /* AppDelegate.swift */ = {isa = PBXFileReference; lastKnownFileType = sourcecode.swift; path = AppDelegate.swift; sourceTree = "<group>"; };
		C8AAF7DB2505EFA4003C7212 /* SceneDelegate.swift */ = {isa = PBXFileReference; lastKnownFileType = sourcecode.swift; path = SceneDelegate.swift; sourceTree = "<group>"; };
		C8AAF7DD2505EFA4003C7212 /* ViewController.swift */ = {isa = PBXFileReference; lastKnownFileType = sourcecode.swift; path = ViewController.swift; sourceTree = "<group>"; };
		C8AAF7E02505EFA4003C7212 /* Base */ = {isa = PBXFileReference; lastKnownFileType = file.storyboard; name = Base; path = Base.lproj/Main.storyboard; sourceTree = "<group>"; };
		C8AAF7E22505EFA9003C7212 /* Assets.xcassets */ = {isa = PBXFileReference; lastKnownFileType = folder.assetcatalog; path = Assets.xcassets; sourceTree = "<group>"; };
		C8AAF7E52505EFA9003C7212 /* Base */ = {isa = PBXFileReference; lastKnownFileType = file.storyboard; name = Base; path = Base.lproj/LaunchScreen.storyboard; sourceTree = "<group>"; };
		C8AAF7E72505EFA9003C7212 /* Info.plist */ = {isa = PBXFileReference; lastKnownFileType = text.plist.xml; path = Info.plist; sourceTree = "<group>"; };
		C8AAF7EC2505EFAA003C7212 /* I am RichTests.xctest */ = {isa = PBXFileReference; explicitFileType = wrapper.cfbundle; includeInIndex = 0; path = "I am RichTests.xctest"; sourceTree = BUILT_PRODUCTS_DIR; };
		C8AAF7F02505EFAA003C7212 /* I_am_RichTests.swift */ = {isa = PBXFileReference; lastKnownFileType = sourcecode.swift; path = I_am_RichTests.swift; sourceTree = "<group>"; };
		C8AAF7F22505EFAA003C7212 /* Info.plist */ = {isa = PBXFileReference; lastKnownFileType = text.plist.xml; path = Info.plist; sourceTree = "<group>"; };
		C8AAF7F72505EFAA003C7212 /* I am RichUITests.xctest */ = {isa = PBXFileReference; explicitFileType = wrapper.cfbundle; includeInIndex = 0; path = "I am RichUITests.xctest"; sourceTree = BUILT_PRODUCTS_DIR; };
		C8AAF7FB2505EFAA003C7212 /* I_am_RichUITests.swift */ = {isa = PBXFileReference; lastKnownFileType = sourcecode.swift; path = I_am_RichUITests.swift; sourceTree = "<group>"; };
		C8AAF7FD2505EFAA003C7212 /* Info.plist */ = {isa = PBXFileReference; lastKnownFileType = text.plist.xml; path = Info.plist; sourceTree = "<group>"; };
/* End PBXFileReference section */

/* Begin PBXFrameworksBuildPhase section */
		C8AAF7D32505EFA4003C7212 /* Frameworks */ = {
			isa = PBXFrameworksBuildPhase;
			buildActionMask = 2147483647;
			files = (
			);
			runOnlyForDeploymentPostprocessing = 0;
		};
		C8AAF7E92505EFAA003C7212 /* Frameworks */ = {
			isa = PBXFrameworksBuildPhase;
			buildActionMask = 2147483647;
			files = (
			);
			runOnlyForDeploymentPostprocessing = 0;
		};
		C8AAF7F42505EFAA003C7212 /* Frameworks */ = {
			isa = PBXFrameworksBuildPhase;
			buildActionMask = 2147483647;
			files = (
			);
			runOnlyForDeploymentPostprocessing = 0;
		};
/* End PBXFrameworksBuildPhase section */

/* Begin PBXGroup section */
		C8AAF7CD2505EFA4003C7212 = {
			isa = PBXGroup;
			children = (
				C8AAF7D82505EFA4003C7212 /* I am Rich */,
				C8AAF7EF2505EFAA003C7212 /* I am RichTests */,
				C8AAF7FA2505EFAA003C7212 /* I am RichUITests */,
				C8AAF7D72505EFA4003C7212 /* Products */,
			);
			sourceTree = "<group>";
		};
		C8AAF7D72505EFA4003C7212 /* Products */ = {
			isa = PBXGroup;
			children = (
				C8AAF7D62505EFA4003C7212 /* I am Rich.app */,
				C8AAF7EC2505EFAA003C7212 /* I am RichTests.xctest */,
				C8AAF7F72505EFAA003C7212 /* I am RichUITests.xctest */,
			);
			name = Products;
			sourceTree = "<group>";
		};
		C8AAF7D82505EFA4003C7212 /* I am Rich */ = {
			isa = PBXGroup;
			children = (
				C8AAF7D92505EFA4003C7212 /* AppDelegate.swift */,
				C8AAF7DB2505EFA4003C7212 /* SceneDelegate.swift */,
				C8AAF7DD2505EFA4003C7212 /* ViewController.swift */,
				C8AAF7DF2505EFA4003C7212 /* Main.storyboard */,
				C8AAF7E22505EFA9003C7212 /* Assets.xcassets */,
				C8AAF7E42505EFA9003C7212 /* LaunchScreen.storyboard */,
				C8AAF7E72505EFA9003C7212 /* Info.plist */,
			);
			path = "I am Rich";
			sourceTree = "<group>";
		};
		C8AAF7EF2505EFAA003C7212 /* I am RichTests */ = {
			isa = PBXGroup;
			children = (
				C8AAF7F02505EFAA003C7212 /* I_am_RichTests.swift */,
				C8AAF7F22505EFAA003C7212 /* Info.plist */,
			);
			path = "I am RichTests";
			sourceTree = "<group>";
		};
		C8AAF7FA2505EFAA003C7212 /* I am RichUITests */ = {
			isa = PBXGroup;
			children = (
				C8AAF7FB2505EFAA003C7212 /* I_am_RichUITests.swift */,
				C8AAF7FD2505EFAA003C7212 /* Info.plist */,
			);
			path = "I am RichUITests";
			sourceTree = "<group>";
		};
/* End PBXGroup section */

/* Begin PBXNativeTarget section */
		C8AAF7D52505EFA4003C7212 /* I am Rich */ = {
			isa = PBXNativeTarget;
			buildConfigurationList = C8AAF8002505EFAA003C7212 /* Build configuration list for PBXNativeTarget "I am Rich" */;
			buildPhases = (
				C8AAF7D22505EFA4003C7212 /* Sources */,
				C8AAF7D32505EFA4003C7212 /* Frameworks */,
				C8AAF7D42505EFA4003C7212 /* Resources */,
			);
			buildRules = (
			);
			dependencies = (
			);
			name = "I am Rich";
			productName = "I am Rich";
			productReference = C8AAF7D62505EFA4003C7212 /* I am Rich.app */;
			productType = "com.apple.product-type.application";
		};
		C8AAF7EB2505EFAA003C7212 /* I am RichTests */ = {
			isa = PBXNativeTarget;
			buildConfigurationList = C8AAF8032505EFAA003C7212 /* Build configuration list for PBXNativeTarget "I am RichTests" */;
			buildPhases = (
				C8AAF7E82505EFAA003C7212 /* Sources */,
				C8AAF7E92505EFAA003C7212 /* Frameworks */,
				C8AAF7EA2505EFAA003C7212 /* Resources */,
			);
			buildRules = (
			);
			dependencies = (
				C8AAF7EE2505EFAA003C7212 /* PBXTargetDependency */,
			);
			name = "I am RichTests";
			productName = "I am RichTests";
			productReference = C8AAF7EC2505EFAA003C7212 /* I am RichTests.xctest */;
			productType = "com.apple.product-type.bundle.unit-test";
		};
		C8AAF7F62505EFAA003C7212 /* I am RichUITests */ = {
			isa = PBXNativeTarget;
			buildConfigurationList = C8AAF8062505EFAA003C7212 /* Build configuration list for PBXNativeTarget "I am RichUITests" */;
			buildPhases = (
				C8AAF7F32505EFAA003C7212 /* Sources */,
				C8AAF7F42505EFAA003C7212 /* Frameworks */,
				C8AAF7F52505EFAA003C7212 /* Resources */,
			);
			buildRules = (
			);
			dependencies = (
				C8AAF7F92505EFAA003C7212 /* PBXTargetDependency */,
			);
			name = "I am RichUITests";
			productName = "I am RichUITests";
			productReference = C8AAF7F72505EFAA003C7212 /* I am RichUITests.xctest */;
			productType = "com.apple.product-type.bundle.ui-testing";
		};
/* End PBXNativeTarget section */

/* Begin PBXProject section */
		C8AAF7CE2505EFA4003C7212 /* Project object */ = {
			isa = PBXProject;
			attributes = {
				LastSwiftUpdateCheck = 1170;
				LastUpgradeCheck = 1170;
				ORGANIZATIONNAME = katsuyaw;
				TargetAttributes = {
					C8AAF7D52505EFA4003C7212 = {
						CreatedOnToolsVersion = 11.7;
					};
					C8AAF7EB2505EFAA003C7212 = {
						CreatedOnToolsVersion = 11.7;
						TestTargetID = C8AAF7D52505EFA4003C7212;
					};
					C8AAF7F62505EFAA003C7212 = {
						CreatedOnToolsVersion = 11.7;
						TestTargetID = C8AAF7D52505EFA4003C7212;
					};
				};
			};
			buildConfigurationList = C8AAF7D12505EFA4003C7212 /* Build configuration list for PBXProject "I am Rich" */;
			compatibilityVersion = "Xcode 9.3";
			developmentRegion = en;
			hasScannedForEncodings = 0;
			knownRegions = (
				en,
				Base,
			);
			mainGroup = C8AAF7CD2505EFA4003C7212;
			productRefGroup = C8AAF7D72505EFA4003C7212 /* Products */;
			projectDirPath = "";
			projectRoot = "";
			targets = (
				C8AAF7D52505EFA4003C7212 /* I am Rich */,
				C8AAF7EB2505EFAA003C7212 /* I am RichTests */,
				C8AAF7F62505EFAA003C7212 /* I am RichUITests */,
			);
		};
/* End PBXProject section */

/* Begin PBXResourcesBuildPhase section */
		C8AAF7D42505EFA4003C7212 /* Resources */ = {
			isa = PBXResourcesBuildPhase;
			buildActionMask = 2147483647;
			files = (
				C8AAF7E62505EFA9003C7212 /* LaunchScreen.storyboard in Resources */,
				C8AAF7E32505EFA9003C7212 /* Assets.xcassets in Resources */,
				C8AAF7E12505EFA4003C7212 /* Main.storyboard in Resources */,
			);
			runOnlyForDeploymentPostprocessing = 0;
		};
		C8AAF7EA2505EFAA003C7212 /* Resources */ = {
			isa = PBXResourcesBuildPhase;
			buildActionMask = 2147483647;
			files = (
			);
			runOnlyForDeploymentPostprocessing = 0;
		};
		C8AAF7F52505EFAA003C7212 /* Resources */ = {
			isa = PBXResourcesBuildPhase;
			buildActionMask = 2147483647;
			files = (
			);
			runOnlyForDeploymentPostprocessing = 0;
		};
/* End PBXResourcesBuildPhase section */

/* Begin PBXSourcesBuildPhase section */
		C8AAF7D22505EFA4003C7212 /* Sources */ = {
			isa = PBXSourcesBuildPhase;
			buildActionMask = 2147483647;
			files = (
				C8AAF7DE2505EFA4003C7212 /* ViewController.swift in Sources */,
				C8AAF7DA2505EFA4003C7212 /* AppDelegate.swift in Sources */,
				C8AAF7DC2505EFA4003C7212 /* SceneDelegate.swift in Sources */,
			);
			runOnlyForDeploymentPostprocessing = 0;
		};
		C8AAF7E82505EFAA003C7212 /* Sources */ = {
			isa = PBXSourcesBuildPhase;
			buildActionMask = 2147483647;
			files = (
				C8AAF7F12505EFAA003C7212 /* I_am_RichTests.swift in Sources */,
			);
			runOnlyForDeploymentPostprocessing = 0;
		};
		C8AAF7F32505EFAA003C7212 /* Sources */ = {
			isa = PBXSourcesBuildPhase;
			buildActionMask = 2147483647;
			files = (
				C8AAF7FC2505EFAA003C7212 /* I_am_RichUITests.swift in Sources */,
			);
			runOnlyForDeploymentPostprocessing = 0;
		};
/* End PBXSourcesBuildPhase section */

/* Begin PBXTargetDependency section */
		C8AAF7EE2505EFAA003C7212 /* PBXTargetDependency */ = {
			isa = PBXTargetDependency;
			target = C8AAF7D52505EFA4003C7212 /* I am Rich */;
			targetProxy = C8AAF7ED2505EFAA003C7212 /* PBXContainerItemProxy */;
		};
		C8AAF7F92505EFAA003C7212 /* PBXTargetDependency */ = {
			isa = PBXTargetDependency;
			target = C8AAF7D52505EFA4003C7212 /* I am Rich */;
			targetProxy = C8AAF7F82505EFAA003C7212 /* PBXContainerItemProxy */;
		};
/* End PBXTargetDependency section */

/* Begin PBXVariantGroup section */
		C8AAF7DF2505EFA4003C7212 /* Main.storyboard */ = {
			isa = PBXVariantGroup;
			children = (
				C8AAF7E02505EFA4003C7212 /* Base */,
			);
			name = Main.storyboard;
			sourceTree = "<group>";
		};
		C8AAF7E42505EFA9003C7212 /* LaunchScreen.storyboard */ = {
			isa = PBXVariantGroup;
			children = (
				C8AAF7E52505EFA9003C7212 /* Base */,
			);
			name = LaunchScreen.storyboard;
			sourceTree = "<group>";
		};
/* End PBXVariantGroup section */

/* Begin XCBuildConfiguration section */
		C8AAF7FE2505EFAA003C7212 /* Debug */ = {
			isa = XCBuildConfiguration;
			buildSettings = {
				ALWAYS_SEARCH_USER_PATHS = NO;
				CLANG_ANALYZER_NONNULL = YES;
				CLANG_ANALYZER_NUMBER_OBJECT_CONVERSION = YES_AGGRESSIVE;
				CLANG_CXX_LANGUAGE_STANDARD = "gnu++14";
				CLANG_CXX_LIBRARY = "libc++";
				CLANG_ENABLE_MODULES = YES;
				CLANG_ENABLE_OBJC_ARC = YES;
				CLANG_ENABLE_OBJC_WEAK = YES;
				CLANG_WARN_BLOCK_CAPTURE_AUTORELEASING = YES;
				CLANG_WARN_BOOL_CONVERSION = YES;
				CLANG_WARN_COMMA = YES;
				CLANG_WARN_CONSTANT_CONVERSION = YES;
				CLANG_WARN_DEPRECATED_OBJC_IMPLEMENTATIONS = YES;
				CLANG_WARN_DIRECT_OBJC_ISA_USAGE = YES_ERROR;
				CLANG_WARN_DOCUMENTATION_COMMENTS = YES;
				CLANG_WARN_EMPTY_BODY = YES;
				CLANG_WARN_ENUM_CONVERSION = YES;
				CLANG_WARN_INFINITE_RECURSION = YES;
				CLANG_WARN_INT_CONVERSION = YES;
				CLANG_WARN_NON_LITERAL_NULL_CONVERSION = YES;
				CLANG_WARN_OBJC_IMPLICIT_RETAIN_SELF = YES;
				CLANG_WARN_OBJC_LITERAL_CONVERSION = YES;
				CLANG_WARN_OBJC_ROOT_CLASS = YES_ERROR;
				CLANG_WARN_RANGE_LOOP_ANALYSIS = YES;
				CLANG_WARN_STRICT_PROTOTYPES = YES;
				CLANG_WARN_SUSPICIOUS_MOVE = YES;
				CLANG_WARN_UNGUARDED_AVAILABILITY = YES_AGGRESSIVE;
				CLANG_WARN_UNREACHABLE_CODE = YES;
				CLANG_WARN__DUPLICATE_METHOD_MATCH = YES;
				COPY_PHASE_STRIP = NO;
				DEBUG_INFORMATION_FORMAT = dwarf;
				ENABLE_STRICT_OBJC_MSGSEND = YES;
				ENABLE_TESTABILITY = YES;
				GCC_C_LANGUAGE_STANDARD = gnu11;
				GCC_DYNAMIC_NO_PIC = NO;
				GCC_NO_COMMON_BLOCKS = YES;
				GCC_OPTIMIZATION_LEVEL = 0;
				GCC_PREPROCESSOR_DEFINITIONS = (
					"DEBUG=1",
					"$(inherited)",
				);
				GCC_WARN_64_TO_32_BIT_CONVERSION = YES;
				GCC_WARN_ABOUT_RETURN_TYPE = YES_ERROR;
				GCC_WARN_UNDECLARED_SELECTOR = YES;
				GCC_WARN_UNINITIALIZED_AUTOS = YES_AGGRESSIVE;
				GCC_WARN_UNUSED_FUNCTION = YES;
				GCC_WARN_UNUSED_VARIABLE = YES;
				IPHONEOS_DEPLOYMENT_TARGET = 13.7;
				MTL_ENABLE_DEBUG_INFO = INCLUDE_SOURCE;
				MTL_FAST_MATH = YES;
				ONLY_ACTIVE_ARCH = YES;
				SDKROOT = iphoneos;
				SWIFT_ACTIVE_COMPILATION_CONDITIONS = DEBUG;
				SWIFT_OPTIMIZATION_LEVEL = "-Onone";
			};
			name = Debug;
		};
		C8AAF7FF2505EFAA003C7212 /* Release */ = {
			isa = XCBuildConfiguration;
			buildSettings = {
				ALWAYS_SEARCH_USER_PATHS = NO;
				CLANG_ANALYZER_NONNULL = YES;
				CLANG_ANALYZER_NUMBER_OBJECT_CONVERSION = YES_AGGRESSIVE;
				CLANG_CXX_LANGUAGE_STANDARD = "gnu++14";
				CLANG_CXX_LIBRARY = "libc++";
				CLANG_ENABLE_MODULES = YES;
				CLANG_ENABLE_OBJC_ARC = YES;
				CLANG_ENABLE_OBJC_WEAK = YES;
				CLANG_WARN_BLOCK_CAPTURE_AUTORELEASING = YES;
				CLANG_WARN_BOOL_CONVERSION = YES;
				CLANG_WARN_COMMA = YES;
				CLANG_WARN_CONSTANT_CONVERSION = YES;
				CLANG_WARN_DEPRECATED_OBJC_IMPLEMENTATIONS = YES;
				CLANG_WARN_DIRECT_OBJC_ISA_USAGE = YES_ERROR;
				CLANG_WARN_DOCUMENTATION_COMMENTS = YES;
				CLANG_WARN_EMPTY_BODY = YES;
				CLANG_WARN_ENUM_CONVERSION = YES;
				CLANG_WARN_INFINITE_RECURSION = YES;
				CLANG_WARN_INT_CONVERSION = YES;
				CLANG_WARN_NON_LITERAL_NULL_CONVERSION = YES;
				CLANG_WARN_OBJC_IMPLICIT_RETAIN_SELF = YES;
				CLANG_WARN_OBJC_LITERAL_CONVERSION = YES;
				CLANG_WARN_OBJC_ROOT_CLASS = YES_ERROR;
				CLANG_WARN_RANGE_LOOP_ANALYSIS = YES;
				CLANG_WARN_STRICT_PROTOTYPES = YES;
				CLANG_WARN_SUSPICIOUS_MOVE = YES;
				CLANG_WARN_UNGUARDED_AVAILABILITY = YES_AGGRESSIVE;
				CLANG_WARN_UNREACHABLE_CODE = YES;
				CLANG_WARN__DUPLICATE_METHOD_MATCH = YES;
				COPY_PHASE_STRIP = NO;
				DEBUG_INFORMATION_FORMAT = "dwarf-with-dsym";
				ENABLE_NS_ASSERTIONS = NO;
				ENABLE_STRICT_OBJC_MSGSEND = YES;
				GCC_C_LANGUAGE_STANDARD = gnu11;
				GCC_NO_COMMON_BLOCKS = YES;
				GCC_WARN_64_TO_32_BIT_CONVERSION = YES;
				GCC_WARN_ABOUT_RETURN_TYPE = YES_ERROR;
				GCC_WARN_UNDECLARED_SELECTOR = YES;
				GCC_WARN_UNINITIALIZED_AUTOS = YES_AGGRESSIVE;
				GCC_WARN_UNUSED_FUNCTION = YES;
				GCC_WARN_UNUSED_VARIABLE = YES;
				IPHONEOS_DEPLOYMENT_TARGET = 13.7;
				MTL_ENABLE_DEBUG_INFO = NO;
				MTL_FAST_MATH = YES;
				SDKROOT = iphoneos;
				SWIFT_COMPILATION_MODE = wholemodule;
				SWIFT_OPTIMIZATION_LEVEL = "-O";
				VALIDATE_PRODUCT = YES;
			};
			name = Release;
		};
		C8AAF8012505EFAA003C7212 /* Debug */ = {
			isa = XCBuildConfiguration;
			buildSettings = {
				ASSETCATALOG_COMPILER_APPICON_NAME = AppIcon;
				CODE_SIGN_STYLE = Automatic;
				INFOPLIST_FILE = "I am Rich/Info.plist";
				LD_RUNPATH_SEARCH_PATHS = (
					"$(inherited)",
					"@executable_path/Frameworks",
				);
				PRODUCT_BUNDLE_IDENTIFIER = "com.katsuyaw.I-am-Rich";
				PRODUCT_NAME = "$(TARGET_NAME)";
				SWIFT_VERSION = 5.0;
				TARGETED_DEVICE_FAMILY = "1,2";
			};
			name = Debug;
		};
		C8AAF8022505EFAA003C7212 /* Release */ = {
			isa = XCBuildConfiguration;
			buildSettings = {
				ASSETCATALOG_COMPILER_APPICON_NAME = AppIcon;
				CODE_SIGN_STYLE = Automatic;
				INFOPLIST_FILE = "I am Rich/Info.plist";
				LD_RUNPATH_SEARCH_PATHS = (
					"$(inherited)",
					"@executable_path/Frameworks",
				);
				PRODUCT_BUNDLE_IDENTIFIER = "com.katsuyaw.I-am-Rich";
				PRODUCT_NAME = "$(TARGET_NAME)";
				SWIFT_VERSION = 5.0;
				TARGETED_DEVICE_FAMILY = "1,2";
			};
			name = Release;
		};
		C8AAF8042505EFAA003C7212 /* Debug */ = {
			isa = XCBuildConfiguration;
			buildSettings = {
				ALWAYS_EMBED_SWIFT_STANDARD_LIBRARIES = YES;
				BUNDLE_LOADER = "$(TEST_HOST)";
				CODE_SIGN_STYLE = Automatic;
				INFOPLIST_FILE = "I am RichTests/Info.plist";
				IPHONEOS_DEPLOYMENT_TARGET = 13.7;
				LD_RUNPATH_SEARCH_PATHS = (
					"$(inherited)",
					"@executable_path/Frameworks",
					"@loader_path/Frameworks",
				);
				PRODUCT_BUNDLE_IDENTIFIER = "com.katsuyaw.I-am-RichTests";
				PRODUCT_NAME = "$(TARGET_NAME)";
				SWIFT_VERSION = 5.0;
				TARGETED_DEVICE_FAMILY = "1,2";
				TEST_HOST = "$(BUILT_PRODUCTS_DIR)/I am Rich.app/I am Rich";
			};
			name = Debug;
		};
		C8AAF8052505EFAA003C7212 /* Release */ = {
			isa = XCBuildConfiguration;
			buildSettings = {
				ALWAYS_EMBED_SWIFT_STANDARD_LIBRARIES = YES;
				BUNDLE_LOADER = "$(TEST_HOST)";
				CODE_SIGN_STYLE = Automatic;
				INFOPLIST_FILE = "I am RichTests/Info.plist";
				IPHONEOS_DEPLOYMENT_TARGET = 13.7;
				LD_RUNPATH_SEARCH_PATHS = (
					"$(inherited)",
					"@executable_path/Frameworks",
					"@loader_path/Frameworks",
				);
				PRODUCT_BUNDLE_IDENTIFIER = "com.katsuyaw.I-am-RichTests";
				PRODUCT_NAME = "$(TARGET_NAME)";
				SWIFT_VERSION = 5.0;
				TARGETED_DEVICE_FAMILY = "1,2";
				TEST_HOST = "$(BUILT_PRODUCTS_DIR)/I am Rich.app/I am Rich";
			};
			name = Release;
		};
		C8AAF8072505EFAA003C7212 /* Debug */ = {
			isa = XCBuildConfiguration;
			buildSettings = {
				ALWAYS_EMBED_SWIFT_STANDARD_LIBRARIES = YES;
				CODE_SIGN_STYLE = Automatic;
				INFOPLIST_FILE = "I am RichUITests/Info.plist";
				LD_RUNPATH_SEARCH_PATHS = (
					"$(inherited)",
					"@executable_path/Frameworks",
					"@loader_path/Frameworks",
				);
				PRODUCT_BUNDLE_IDENTIFIER = "com.katsuyaw.I-am-RichUITests";
				PRODUCT_NAME = "$(TARGET_NAME)";
				SWIFT_VERSION = 5.0;
				TARGETED_DEVICE_FAMILY = "1,2";
				TEST_TARGET_NAME = "I am Rich";
			};
			name = Debug;
		};
		C8AAF8082505EFAA003C7212 /* Release */ = {
			isa = XCBuildConfiguration;
			buildSettings = {
				ALWAYS_EMBED_SWIFT_STANDARD_LIBRARIES = YES;
				CODE_SIGN_STYLE = Automatic;
				INFOPLIST_FILE = "I am RichUITests/Info.plist";
				LD_RUNPATH_SEARCH_PATHS = (
					"$(inherited)",
					"@executable_path/Frameworks",
					"@loader_path/Frameworks",
				);
				PRODUCT_BUNDLE_IDENTIFIER = "com.katsuyaw.I-am-RichUITests";
				PRODUCT_NAME = "$(TARGET_NAME)";
				SWIFT_VERSION = 5.0;
				TARGETED_DEVICE_FAMILY = "1,2";
				TEST_TARGET_NAME = "I am Rich";
			};
			name = Release;
		};
/* End XCBuildConfiguration section */

/* Begin XCConfigurationList section */
		C8AAF7D12505EFA4003C7212 /* Build configuration list for PBXProject "I am Rich" */ = {
			isa = XCConfigurationList;
			buildConfigurations = (
				C8AAF7FE2505EFAA003C7212 /* Debug */,
				C8AAF7FF2505EFAA003C7212 /* Release */,
			);
			defaultConfigurationIsVisible = 0;
			defaultConfigurationName = Release;
		};
		C8AAF8002505EFAA003C7212 /* Build configuration list for PBXNativeTarget "I am Rich" */ = {
			isa = XCConfigurationList;
			buildConfigurations = (
				C8AAF8012505EFAA003C7212 /* Debug */,
				C8AAF8022505EFAA003C7212 /* Release */,
			);
			defaultConfigurationIsVisible = 0;
			defaultConfigurationName = Release;
		};
		C8AAF8032505EFAA003C7212 /* Build configuration list for PBXNativeTarget "I am RichTests" */ = {
			isa = XCConfigurationList;
			buildConfigurations = (
				C8AAF8042505EFAA003C7212 /* Debug */,
				C8AAF8052505EFAA003C7212 /* Release */,
			);
			defaultConfigurationIsVisible = 0;
			defaultConfigurationName = Release;
		};
		C8AAF8062505EFAA003C7212 /* Build configuration list for PBXNativeTarget "I am RichUITests" */ = {
			isa = XCConfigurationList;
			buildConfigurations = (
				C8AAF8072505EFAA003C7212 /* Debug */,
				C8AAF8082505EFAA003C7212 /* Release */,
			);
			defaultConfigurationIsVisible = 0;
			defaultConfigurationName = Release;
		};
/* End XCConfigurationList section */
	};
	rootObject = C8AAF7CE2505EFA4003C7212 /* Project object */;
}
